
Microsoft Visual Studio Solution File, Format Version 12.00
# Visual Studio 15
VisualStudioVersion = 15.0.26124.0
MinimumVisualStudioVersion = 15.0.26124.0
Project("{FAE04EC0-301F-11D3-BF4B-00C04F79EFBC}") = "Domain", "Domain\Domain.csproj", "{4AB61A4A-94D0-4F1B-865D-4B8726C1FBBF}"
EndProject
Project("{FAE04EC0-301F-11D3-BF4B-00C04F79EFBC}") = "Application", "Application\Application.csproj", "{77BE1729-52E9-4DA3-8AFB-CE6D4DF092ED}"
EndProject
Project("{FAE04EC0-301F-11D3-BF4B-00C04F79EFBC}") = "Persistence", "Persistence\Persistence.csproj", "{ABFDFFB3-1E34-41B2-9DE8-6D106664D725}"
EndProject
Project("{FAE04EC0-301F-11D3-BF4B-00C04F79EFBC}") = "API", "API\API.csproj", "{B7459918-1C82-4B9F-BDB7-5CD027A584C0}"
EndProject
Global
	GlobalSection(SolutionConfigurationPlatforms) = preSolution
		Debug|Any CPU = Debug|Any CPU
		Debug|x64 = Debug|x64
		Debug|x86 = Debug|x86
		Release|Any CPU = Release|Any CPU
		Release|x64 = Release|x64
		Release|x86 = Release|x86
	EndGlobalSection
	GlobalSection(SolutionProperties) = preSolution
		HideSolutionNode = FALSE
	EndGlobalSection
	GlobalSection(ProjectConfigurationPlatforms) = postSolution
		{4AB61A4A-94D0-4F1B-865D-4B8726C1FBBF}.Debug|Any CPU.ActiveCfg = Debug|Any CPU
		{4AB61A4A-94D0-4F1B-865D-4B8726C1FBBF}.Debug|Any CPU.Build.0 = Debug|Any CPU
		{4AB61A4A-94D0-4F1B-865D-4B8726C1FBBF}.Debug|x64.ActiveCfg = Debug|Any CPU
		{4AB61A4A-94D0-4F1B-865D-4B8726C1FBBF}.Debug|x64.Build.0 = Debug|Any CPU
		{4AB61A4A-94D0-4F1B-865D-4B8726C1FBBF}.Debug|x86.ActiveCfg = Debug|Any CPU
		{4AB61A4A-94D0-4F1B-865D-4B8726C1FBBF}.Debug|x86.Build.0 = Debug|Any CPU
		{4AB61A4A-94D0-4F1B-865D-4B8726C1FBBF}.Release|Any CPU.ActiveCfg = Release|Any CPU
		{4AB61A4A-94D0-4F1B-865D-4B8726C1FBBF}.Release|Any CPU.Build.0 = Release|Any CPU
		{4AB61A4A-94D0-4F1B-865D-4B8726C1FBBF}.Release|x64.ActiveCfg = Release|Any CPU
		{4AB61A4A-94D0-4F1B-865D-4B8726C1FBBF}.Release|x64.Build.0 = Release|Any CPU
		{4AB61A4A-94D0-4F1B-865D-4B8726C1FBBF}.Release|x86.ActiveCfg = Release|Any CPU
		{4AB61A4A-94D0-4F1B-865D-4B8726C1FBBF}.Release|x86.Build.0 = Release|Any CPU
		{77BE1729-52E9-4DA3-8AFB-CE6D4DF092ED}.Debug|Any CPU.ActiveCfg = Debug|Any CPU
		{77BE1729-52E9-4DA3-8AFB-CE6D4DF092ED}.Debug|Any CPU.Build.0 = Debug|Any CPU
		{77BE1729-52E9-4DA3-8AFB-CE6D4DF092ED}.Debug|x64.ActiveCfg = Debug|Any CPU
		{77BE1729-52E9-4DA3-8AFB-CE6D4DF092ED}.Debug|x64.Build.0 = Debug|Any CPU
		{77BE1729-52E9-4DA3-8AFB-CE6D4DF092ED}.Debug|x86.ActiveCfg = Debug|Any CPU
		{77BE1729-52E9-4DA3-8AFB-CE6D4DF092ED}.Debug|x86.Build.0 = Debug|Any CPU
		{77BE1729-52E9-4DA3-8AFB-CE6D4DF092ED}.Release|Any CPU.ActiveCfg = Release|Any CPU
		{77BE1729-52E9-4DA3-8AFB-CE6D4DF092ED}.Release|Any CPU.Build.0 = Release|Any CPU
		{77BE1729-52E9-4DA3-8AFB-CE6D4DF092ED}.Release|x64.ActiveCfg = Release|Any CPU
		{77BE1729-52E9-4DA3-8AFB-CE6D4DF092ED}.Release|x64.Build.0 = Release|Any CPU
		{77BE1729-52E9-4DA3-8AFB-CE6D4DF092ED}.Release|x86.ActiveCfg = Release|Any CPU
		{77BE1729-52E9-4DA3-8AFB-CE6D4DF092ED}.Release|x86.Build.0 = Release|Any CPU
		{ABFDFFB3-1E34-41B2-9DE8-6D106664D725}.Debug|Any CPU.ActiveCfg = Debug|Any CPU
		{ABFDFFB3-1E34-41B2-9DE8-6D106664D725}.Debug|Any CPU.Build.0 = Debug|Any CPU
		{ABFDFFB3-1E34-41B2-9DE8-6D106664D725}.Debug|x64.ActiveCfg = Debug|Any CPU
		{ABFDFFB3-1E34-41B2-9DE8-6D106664D725}.Debug|x64.Build.0 = Debug|Any CPU
		{ABFDFFB3-1E34-41B2-9DE8-6D106664D725}.Debug|x86.ActiveCfg = Debug|Any CPU
		{ABFDFFB3-1E34-41B2-9DE8-6D106664D725}.Debug|x86.Build.0 = Debug|Any CPU
		{ABFDFFB3-1E34-41B2-9DE8-6D106664D725}.Release|Any CPU.ActiveCfg = Release|Any CPU
		{ABFDFFB3-1E34-41B2-9DE8-6D106664D725}.Release|Any CPU.Build.0 = Release|Any CPU
		{ABFDFFB3-1E34-41B2-9DE8-6D106664D725}.Release|x64.ActiveCfg = Release|Any CPU
		{ABFDFFB3-1E34-41B2-9DE8-6D106664D725}.Release|x64.Build.0 = Release|Any CPU
		{ABFDFFB3-1E34-41B2-9DE8-6D106664D725}.Release|x86.ActiveCfg = Release|Any CPU
		{ABFDFFB3-1E34-41B2-9DE8-6D106664D725}.Release|x86.Build.0 = Release|Any CPU
		{B7459918-1C82-4B9F-BDB7-5CD027A584C0}.Debug|Any CPU.ActiveCfg = Debug|Any CPU
		{B7459918-1C82-4B9F-BDB7-5CD027A584C0}.Debug|Any CPU.Build.0 = Debug|Any CPU
		{B7459918-1C82-4B9F-BDB7-5CD027A584C0}.Debug|x64.ActiveCfg = Debug|Any CPU
		{B7459918-1C82-4B9F-BDB7-5CD027A584C0}.Debug|x64.Build.0 = Debug|Any CPU
		{B7459918-1C82-4B9F-BDB7-5CD027A584C0}.Debug|x86.ActiveCfg = Debug|Any CPU
		{B7459918-1C82-4B9F-BDB7-5CD027A584C0}.Debug|x86.Build.0 = Debug|Any CPU
		{B7459918-1C82-4B9F-BDB7-5CD027A584C0}.Release|Any CPU.ActiveCfg = Release|Any CPU
		{B7459918-1C82-4B9F-BDB7-5CD027A584C0}.Release|Any CPU.Build.0 = Release|Any CPU
		{B7459918-1C82-4B9F-BDB7-5CD027A584C0}.Release|x64.ActiveCfg = Release|Any CPU
		{B7459918-1C82-4B9F-BDB7-5CD027A584C0}.Release|x64.Build.0 = Release|Any CPU
		{B7459918-1C82-4B9F-BDB7-5CD027A584C0}.Release|x86.ActiveCfg = Release|Any CPU
		{B7459918-1C82-4B9F-BDB7-5CD027A584C0}.Release|x86.Build.0 = Release|Any CPU
	EndGlobalSection
EndGlobal
